// !$*UTF8*$!
{
	archiveVersion = 1;
	classes = {
	};
	objectVersion = 52;
	objects = {

/* Begin PBXBuildFile section */
		8423D87928DD2A3B00EB1E7C /* DetallesPlantaViewController.swift in Sources */ = {isa = PBXBuildFile; fileRef = 8423D87828DD2A3B00EB1E7C /* DetallesPlantaViewController.swift */; };
		8423D87F28DD2B0E00EB1E7C /* Alamofire in Frameworks */ = {isa = PBXBuildFile; productRef = 8423D87E28DD2B0E00EB1E7C /* Alamofire */; };
		8423D88728DD318B00EB1E7C /* Planta.swift in Sources */ = {isa = PBXBuildFile; fileRef = 8423D88628DD318B00EB1E7C /* Planta.swift */; };
		8423D88C28DD375A00EB1E7C /* PlantaService.swift in Sources */ = {isa = PBXBuildFile; fileRef = 8423D88B28DD375A00EB1E7C /* PlantaService.swift */; };
		8423D89428DD51C200EB1E7C /* Imagen.swift in Sources */ = {isa = PBXBuildFile; fileRef = 8423D89328DD51C200EB1E7C /* Imagen.swift */; };
		8E74CC6028DD5AC100521310 /* AnaliticosViewController.swift in Sources */ = {isa = PBXBuildFile; fileRef = 8E74CC5F28DD5AC100521310 /* AnaliticosViewController.swift */; };
		8E74CC6528DD5AD700521310 /* AnaliticosService.swift in Sources */ = {isa = PBXBuildFile; fileRef = 8E74CC6428DD5AD700521310 /* AnaliticosService.swift */; };
		D130DF6128C7F81700ADFD25 /* AppDelegate.swift in Sources */ = {isa = PBXBuildFile; fileRef = D130DF6028C7F81700ADFD25 /* AppDelegate.swift */; };
		D130DF6328C7F81700ADFD25 /* SceneDelegate.swift in Sources */ = {isa = PBXBuildFile; fileRef = D130DF6228C7F81700ADFD25 /* SceneDelegate.swift */; };
		D130DF6528C7F81700ADFD25 /* ViewController.swift in Sources */ = {isa = PBXBuildFile; fileRef = D130DF6428C7F81700ADFD25 /* ViewController.swift */; };
		D130DF6828C7F81700ADFD25 /* Main.storyboard in Resources */ = {isa = PBXBuildFile; fileRef = D130DF6628C7F81700ADFD25 /* Main.storyboard */; };
		D130DF6A28C7F81800ADFD25 /* Assets.xcassets in Resources */ = {isa = PBXBuildFile; fileRef = D130DF6928C7F81800ADFD25 /* Assets.xcassets */; };
		D130DF6D28C7F81800ADFD25 /* LaunchScreen.storyboard in Resources */ = {isa = PBXBuildFile; fileRef = D130DF6B28C7F81800ADFD25 /* LaunchScreen.storyboard */; };
		D130DF7828C7F81800ADFD25 /* SemillitaTests.swift in Sources */ = {isa = PBXBuildFile; fileRef = D130DF7728C7F81800ADFD25 /* SemillitaTests.swift */; };
		D130DF8328C7F81800ADFD25 /* SemillitaUITests.swift in Sources */ = {isa = PBXBuildFile; fileRef = D130DF8228C7F81800ADFD25 /* SemillitaUITests.swift */; };
/* End PBXBuildFile section */

/* Begin PBXContainerItemProxy section */
		D130DF7428C7F81800ADFD25 /* PBXContainerItemProxy */ = {
			isa = PBXContainerItemProxy;
			containerPortal = D130DF5528C7F81700ADFD25 /* Project object */;
			proxyType = 1;
			remoteGlobalIDString = D130DF5C28C7F81700ADFD25;
			remoteInfo = Semillita;
		};
		D130DF7F28C7F81800ADFD25 /* PBXContainerItemProxy */ = {
			isa = PBXContainerItemProxy;
			containerPortal = D130DF5528C7F81700ADFD25 /* Project object */;
			proxyType = 1;
			remoteGlobalIDString = D130DF5C28C7F81700ADFD25;
			remoteInfo = Semillita;
		};
/* End PBXContainerItemProxy section */

/* Begin PBXFileReference section */
		8423D87828DD2A3B00EB1E7C /* DetallesPlantaViewController.swift */ = {isa = PBXFileReference; lastKnownFileType = sourcecode.swift; path = DetallesPlantaViewController.swift; sourceTree = "<group>"; };
		8423D88628DD318B00EB1E7C /* Planta.swift */ = {isa = PBXFileReference; lastKnownFileType = sourcecode.swift; path = Planta.swift; sourceTree = "<group>"; };
		8423D88B28DD375A00EB1E7C /* PlantaService.swift */ = {isa = PBXFileReference; lastKnownFileType = sourcecode.swift; path = PlantaService.swift; sourceTree = "<group>"; };
		8423D89328DD51C200EB1E7C /* Imagen.swift */ = {isa = PBXFileReference; lastKnownFileType = sourcecode.swift; path = Imagen.swift; sourceTree = "<group>"; };
		8E74CC5F28DD5AC100521310 /* AnaliticosViewController.swift */ = {isa = PBXFileReference; lastKnownFileType = sourcecode.swift; path = AnaliticosViewController.swift; sourceTree = "<group>"; };
		8E74CC6428DD5AD700521310 /* AnaliticosService.swift */ = {isa = PBXFileReference; lastKnownFileType = sourcecode.swift; path = AnaliticosService.swift; sourceTree = "<group>"; };
		D130DF5D28C7F81700ADFD25 /* Semillita.app */ = {isa = PBXFileReference; explicitFileType = wrapper.application; includeInIndex = 0; path = Semillita.app; sourceTree = BUILT_PRODUCTS_DIR; };
		D130DF6028C7F81700ADFD25 /* AppDelegate.swift */ = {isa = PBXFileReference; lastKnownFileType = sourcecode.swift; path = AppDelegate.swift; sourceTree = "<group>"; };
		D130DF6228C7F81700ADFD25 /* SceneDelegate.swift */ = {isa = PBXFileReference; lastKnownFileType = sourcecode.swift; path = SceneDelegate.swift; sourceTree = "<group>"; };
		D130DF6428C7F81700ADFD25 /* ViewController.swift */ = {isa = PBXFileReference; lastKnownFileType = sourcecode.swift; path = ViewController.swift; sourceTree = "<group>"; };
		D130DF6728C7F81700ADFD25 /* Base */ = {isa = PBXFileReference; lastKnownFileType = file.storyboard; name = Base; path = Base.lproj/Main.storyboard; sourceTree = "<group>"; };
		D130DF6928C7F81800ADFD25 /* Assets.xcassets */ = {isa = PBXFileReference; lastKnownFileType = folder.assetcatalog; path = Assets.xcassets; sourceTree = "<group>"; };
		D130DF6C28C7F81800ADFD25 /* Base */ = {isa = PBXFileReference; lastKnownFileType = file.storyboard; name = Base; path = Base.lproj/LaunchScreen.storyboard; sourceTree = "<group>"; };
		D130DF6E28C7F81800ADFD25 /* Info.plist */ = {isa = PBXFileReference; lastKnownFileType = text.plist.xml; path = Info.plist; sourceTree = "<group>"; };
		D130DF7328C7F81800ADFD25 /* SemillitaTests.xctest */ = {isa = PBXFileReference; explicitFileType = wrapper.cfbundle; includeInIndex = 0; path = SemillitaTests.xctest; sourceTree = BUILT_PRODUCTS_DIR; };
		D130DF7728C7F81800ADFD25 /* SemillitaTests.swift */ = {isa = PBXFileReference; lastKnownFileType = sourcecode.swift; path = SemillitaTests.swift; sourceTree = "<group>"; };
		D130DF7928C7F81800ADFD25 /* Info.plist */ = {isa = PBXFileReference; lastKnownFileType = text.plist.xml; path = Info.plist; sourceTree = "<group>"; };
		D130DF7E28C7F81800ADFD25 /* SemillitaUITests.xctest */ = {isa = PBXFileReference; explicitFileType = wrapper.cfbundle; includeInIndex = 0; path = SemillitaUITests.xctest; sourceTree = BUILT_PRODUCTS_DIR; };
		D130DF8228C7F81800ADFD25 /* SemillitaUITests.swift */ = {isa = PBXFileReference; lastKnownFileType = sourcecode.swift; path = SemillitaUITests.swift; sourceTree = "<group>"; };
		D130DF8428C7F81800ADFD25 /* Info.plist */ = {isa = PBXFileReference; lastKnownFileType = text.plist.xml; path = Info.plist; sourceTree = "<group>"; };
/* End PBXFileReference section */

/* Begin PBXFrameworksBuildPhase section */
		D130DF5A28C7F81700ADFD25 /* Frameworks */ = {
			isa = PBXFrameworksBuildPhase;
			buildActionMask = 2147483647;
			files = (
				8423D87F28DD2B0E00EB1E7C /* Alamofire in Frameworks */,
			);
			runOnlyForDeploymentPostprocessing = 0;
		};
		D130DF7028C7F81800ADFD25 /* Frameworks */ = {
			isa = PBXFrameworksBuildPhase;
			buildActionMask = 2147483647;
			files = (
			);
			runOnlyForDeploymentPostprocessing = 0;
		};
		D130DF7B28C7F81800ADFD25 /* Frameworks */ = {
			isa = PBXFrameworksBuildPhase;
			buildActionMask = 2147483647;
			files = (
			);
			runOnlyForDeploymentPostprocessing = 0;
		};
/* End PBXFrameworksBuildPhase section */

/* Begin PBXGroup section */
		D130DF5428C7F81700ADFD25 = {
			isa = PBXGroup;
			children = (
				D130DF5F28C7F81700ADFD25 /* Semillita */,
				D130DF7628C7F81800ADFD25 /* SemillitaTests */,
				D130DF8128C7F81800ADFD25 /* SemillitaUITests */,
				D130DF5E28C7F81700ADFD25 /* Products */,
			);
			sourceTree = "<group>";
		};
		D130DF5E28C7F81700ADFD25 /* Products */ = {
			isa = PBXGroup;
			children = (
				D130DF5D28C7F81700ADFD25 /* Semillita.app */,
				D130DF7328C7F81800ADFD25 /* SemillitaTests.xctest */,
				D130DF7E28C7F81800ADFD25 /* SemillitaUITests.xctest */,
			);
			name = Products;
			sourceTree = "<group>";
		};
		D130DF5F28C7F81700ADFD25 /* Semillita */ = {
			isa = PBXGroup;
			children = (
				D130DF6028C7F81700ADFD25 /* AppDelegate.swift */,
				8423D89328DD51C200EB1E7C /* Imagen.swift */,
				8423D88628DD318B00EB1E7C /* Planta.swift */,
				D130DF6228C7F81700ADFD25 /* SceneDelegate.swift */,
				D130DF6428C7F81700ADFD25 /* ViewController.swift */,
				D130DF6628C7F81700ADFD25 /* Main.storyboard */,
				8E74CC5F28DD5AC100521310 /* AnaliticosViewController.swift */,
				8E74CC6428DD5AD700521310 /* AnaliticosService.swift */,
				D130DF6928C7F81800ADFD25 /* Assets.xcassets */,
				D130DF6B28C7F81800ADFD25 /* LaunchScreen.storyboard */,
				D130DF6E28C7F81800ADFD25 /* Info.plist */,
				8423D87828DD2A3B00EB1E7C /* DetallesPlantaViewController.swift */,
				8423D88B28DD375A00EB1E7C /* PlantaService.swift */,
			);
			path = Semillita;
			sourceTree = "<group>";
		};
		D130DF7628C7F81800ADFD25 /* SemillitaTests */ = {
			isa = PBXGroup;
			children = (
				D130DF7728C7F81800ADFD25 /* SemillitaTests.swift */,
				D130DF7928C7F81800ADFD25 /* Info.plist */,
			);
			path = SemillitaTests;
			sourceTree = "<group>";
		};
		D130DF8128C7F81800ADFD25 /* SemillitaUITests */ = {
			isa = PBXGroup;
			children = (
				D130DF8228C7F81800ADFD25 /* SemillitaUITests.swift */,
				D130DF8428C7F81800ADFD25 /* Info.plist */,
			);
			path = SemillitaUITests;
			sourceTree = "<group>";
		};
/* End PBXGroup section */

/* Begin PBXNativeTarget section */
		D130DF5C28C7F81700ADFD25 /* Semillita */ = {
			isa = PBXNativeTarget;
			buildConfigurationList = D130DF8728C7F81800ADFD25 /* Build configuration list for PBXNativeTarget "Semillita" */;
			buildPhases = (
				D130DF5928C7F81700ADFD25 /* Sources */,
				D130DF5A28C7F81700ADFD25 /* Frameworks */,
				D130DF5B28C7F81700ADFD25 /* Resources */,
			);
			buildRules = (
			);
			dependencies = (
			);
			name = Semillita;
			packageProductDependencies = (
				8423D87E28DD2B0E00EB1E7C /* Alamofire */,
			);
			productName = Semillita;
			productReference = D130DF5D28C7F81700ADFD25 /* Semillita.app */;
			productType = "com.apple.product-type.application";
		};
		D130DF7228C7F81800ADFD25 /* SemillitaTests */ = {
			isa = PBXNativeTarget;
			buildConfigurationList = D130DF8A28C7F81800ADFD25 /* Build configuration list for PBXNativeTarget "SemillitaTests" */;
			buildPhases = (
				D130DF6F28C7F81800ADFD25 /* Sources */,
				D130DF7028C7F81800ADFD25 /* Frameworks */,
				D130DF7128C7F81800ADFD25 /* Resources */,
			);
			buildRules = (
			);
			dependencies = (
				D130DF7528C7F81800ADFD25 /* PBXTargetDependency */,
			);
			name = SemillitaTests;
			productName = SemillitaTests;
			productReference = D130DF7328C7F81800ADFD25 /* SemillitaTests.xctest */;
			productType = "com.apple.product-type.bundle.unit-test";
		};
		D130DF7D28C7F81800ADFD25 /* SemillitaUITests */ = {
			isa = PBXNativeTarget;
			buildConfigurationList = D130DF8D28C7F81800ADFD25 /* Build configuration list for PBXNativeTarget "SemillitaUITests" */;
			buildPhases = (
				D130DF7A28C7F81800ADFD25 /* Sources */,
				D130DF7B28C7F81800ADFD25 /* Frameworks */,
				D130DF7C28C7F81800ADFD25 /* Resources */,
			);
			buildRules = (
			);
			dependencies = (
				D130DF8028C7F81800ADFD25 /* PBXTargetDependency */,
			);
			name = SemillitaUITests;
			productName = SemillitaUITests;
			productReference = D130DF7E28C7F81800ADFD25 /* SemillitaUITests.xctest */;
			productType = "com.apple.product-type.bundle.ui-testing";
		};
/* End PBXNativeTarget section */

/* Begin PBXProject section */
		D130DF5528C7F81700ADFD25 /* Project object */ = {
			isa = PBXProject;
			attributes = {
				LastSwiftUpdateCheck = 1240;
				LastUpgradeCheck = 1240;
				TargetAttributes = {
					D130DF5C28C7F81700ADFD25 = {
						CreatedOnToolsVersion = 12.4;
					};
					D130DF7228C7F81800ADFD25 = {
						CreatedOnToolsVersion = 12.4;
						TestTargetID = D130DF5C28C7F81700ADFD25;
					};
					D130DF7D28C7F81800ADFD25 = {
						CreatedOnToolsVersion = 12.4;
						TestTargetID = D130DF5C28C7F81700ADFD25;
					};
				};
			};
			buildConfigurationList = D130DF5828C7F81700ADFD25 /* Build configuration list for PBXProject "Semillita" */;
			compatibilityVersion = "Xcode 9.3";
			developmentRegion = en;
			hasScannedForEncodings = 0;
			knownRegions = (
				en,
				Base,
			);
			mainGroup = D130DF5428C7F81700ADFD25;
			packageReferences = (
				8423D87D28DD2B0E00EB1E7C /* XCRemoteSwiftPackageReference "Alamofire" */,
			);
			productRefGroup = D130DF5E28C7F81700ADFD25 /* Products */;
			projectDirPath = "";
			projectRoot = "";
			targets = (
				D130DF5C28C7F81700ADFD25 /* Semillita */,
				D130DF7228C7F81800ADFD25 /* SemillitaTests */,
				D130DF7D28C7F81800ADFD25 /* SemillitaUITests */,
			);
		};
/* End PBXProject section */

/* Begin PBXResourcesBuildPhase section */
		D130DF5B28C7F81700ADFD25 /* Resources */ = {
			isa = PBXResourcesBuildPhase;
			buildActionMask = 2147483647;
			files = (
				D130DF6D28C7F81800ADFD25 /* LaunchScreen.storyboard in Resources */,
				D130DF6A28C7F81800ADFD25 /* Assets.xcassets in Resources */,
				D130DF6828C7F81700ADFD25 /* Main.storyboard in Resources */,
			);
			runOnlyForDeploymentPostprocessing = 0;
		};
		D130DF7128C7F81800ADFD25 /* Resources */ = {
			isa = PBXResourcesBuildPhase;
			buildActionMask = 2147483647;
			files = (
			);
			runOnlyForDeploymentPostprocessing = 0;
		};
		D130DF7C28C7F81800ADFD25 /* Resources */ = {
			isa = PBXResourcesBuildPhase;
			buildActionMask = 2147483647;
			files = (
			);
			runOnlyForDeploymentPostprocessing = 0;
		};
/* End PBXResourcesBuildPhase section */

/* Begin PBXSourcesBuildPhase section */
		D130DF5928C7F81700ADFD25 /* Sources */ = {
			isa = PBXSourcesBuildPhase;
			buildActionMask = 2147483647;
			files = (
				8423D88728DD318B00EB1E7C /* Planta.swift in Sources */,
				8423D88C28DD375A00EB1E7C /* PlantaService.swift in Sources */,
				D130DF6528C7F81700ADFD25 /* ViewController.swift in Sources */,
				8423D89428DD51C200EB1E7C /* Imagen.swift in Sources */,
				D130DF6128C7F81700ADFD25 /* AppDelegate.swift in Sources */,
				D130DF6328C7F81700ADFD25 /* SceneDelegate.swift in Sources */,
				8423D87928DD2A3B00EB1E7C /* DetallesPlantaViewController.swift in Sources */,
				8E74CC6528DD5AD700521310 /* AnaliticosService.swift in Sources */,
				8E74CC6028DD5AC100521310 /* AnaliticosViewController.swift in Sources */,
			);
			runOnlyForDeploymentPostprocessing = 0;
		};
		D130DF6F28C7F81800ADFD25 /* Sources */ = {
			isa = PBXSourcesBuildPhase;
			buildActionMask = 2147483647;
			files = (
				D130DF7828C7F81800ADFD25 /* SemillitaTests.swift in Sources */,
			);
			runOnlyForDeploymentPostprocessing = 0;
		};
		D130DF7A28C7F81800ADFD25 /* Sources */ = {
			isa = PBXSourcesBuildPhase;
			buildActionMask = 2147483647;
			files = (
				D130DF8328C7F81800ADFD25 /* SemillitaUITests.swift in Sources */,
			);
			runOnlyForDeploymentPostprocessing = 0;
		};
/* End PBXSourcesBuildPhase section */

/* Begin PBXTargetDependency section */
		D130DF7528C7F81800ADFD25 /* PBXTargetDependency */ = {
			isa = PBXTargetDependency;
			target = D130DF5C28C7F81700ADFD25 /* Semillita */;
			targetProxy = D130DF7428C7F81800ADFD25 /* PBXContainerItemProxy */;
		};
		D130DF8028C7F81800ADFD25 /* PBXTargetDependency */ = {
			isa = PBXTargetDependency;
			target = D130DF5C28C7F81700ADFD25 /* Semillita */;
			targetProxy = D130DF7F28C7F81800ADFD25 /* PBXContainerItemProxy */;
		};
/* End PBXTargetDependency section */

/* Begin PBXVariantGroup section */
		D130DF6628C7F81700ADFD25 /* Main.storyboard */ = {
			isa = PBXVariantGroup;
			children = (
				D130DF6728C7F81700ADFD25 /* Base */,
			);
			name = Main.storyboard;
			sourceTree = "<group>";
		};
		D130DF6B28C7F81800ADFD25 /* LaunchScreen.storyboard */ = {
			isa = PBXVariantGroup;
			children = (
				D130DF6C28C7F81800ADFD25 /* Base */,
			);
			name = LaunchScreen.storyboard;
			sourceTree = "<group>";
		};
/* End PBXVariantGroup section */

/* Begin XCBuildConfiguration section */
		D130DF8528C7F81800ADFD25 /* Debug */ = {
			isa = XCBuildConfiguration;
			buildSettings = {
				ALWAYS_SEARCH_USER_PATHS = NO;
				CLANG_ANALYZER_NONNULL = YES;
				CLANG_ANALYZER_NUMBER_OBJECT_CONVERSION = YES_AGGRESSIVE;
				CLANG_CXX_LANGUAGE_STANDARD = "gnu++14";
				CLANG_CXX_LIBRARY = "libc++";
				CLANG_ENABLE_MODULES = YES;
				CLANG_ENABLE_OBJC_ARC = YES;
				CLANG_ENABLE_OBJC_WEAK = YES;
				CLANG_WARN_BLOCK_CAPTURE_AUTORELEASING = YES;
				CLANG_WARN_BOOL_CONVERSION = YES;
				CLANG_WARN_COMMA = YES;
				CLANG_WARN_CONSTANT_CONVERSION = YES;
				CLANG_WARN_DEPRECATED_OBJC_IMPLEMENTATIONS = YES;
				CLANG_WARN_DIRECT_OBJC_ISA_USAGE = YES_ERROR;
				CLANG_WARN_DOCUMENTATION_COMMENTS = YES;
				CLANG_WARN_EMPTY_BODY = YES;
				CLANG_WARN_ENUM_CONVERSION = YES;
				CLANG_WARN_INFINITE_RECURSION = YES;
				CLANG_WARN_INT_CONVERSION = YES;
				CLANG_WARN_NON_LITERAL_NULL_CONVERSION = YES;
				CLANG_WARN_OBJC_IMPLICIT_RETAIN_SELF = YES;
				CLANG_WARN_OBJC_LITERAL_CONVERSION = YES;
				CLANG_WARN_OBJC_ROOT_CLASS = YES_ERROR;
				CLANG_WARN_QUOTED_INCLUDE_IN_FRAMEWORK_HEADER = YES;
				CLANG_WARN_RANGE_LOOP_ANALYSIS = YES;
				CLANG_WARN_STRICT_PROTOTYPES = YES;
				CLANG_WARN_SUSPICIOUS_MOVE = YES;
				CLANG_WARN_UNGUARDED_AVAILABILITY = YES_AGGRESSIVE;
				CLANG_WARN_UNREACHABLE_CODE = YES;
				CLANG_WARN__DUPLICATE_METHOD_MATCH = YES;
				COPY_PHASE_STRIP = NO;
				DEBUG_INFORMATION_FORMAT = dwarf;
				ENABLE_STRICT_OBJC_MSGSEND = YES;
				ENABLE_TESTABILITY = YES;
				GCC_C_LANGUAGE_STANDARD = gnu11;
				GCC_DYNAMIC_NO_PIC = NO;
				GCC_NO_COMMON_BLOCKS = YES;
				GCC_OPTIMIZATION_LEVEL = 0;
				GCC_PREPROCESSOR_DEFINITIONS = (
					"DEBUG=1",
					"$(inherited)",
				);
				GCC_WARN_64_TO_32_BIT_CONVERSION = YES;
				GCC_WARN_ABOUT_RETURN_TYPE = YES_ERROR;
				GCC_WARN_UNDECLARED_SELECTOR = YES;
				GCC_WARN_UNINITIALIZED_AUTOS = YES_AGGRESSIVE;
				GCC_WARN_UNUSED_FUNCTION = YES;
				GCC_WARN_UNUSED_VARIABLE = YES;
				IPHONEOS_DEPLOYMENT_TARGET = 14.4;
				MTL_ENABLE_DEBUG_INFO = INCLUDE_SOURCE;
				MTL_FAST_MATH = YES;
				ONLY_ACTIVE_ARCH = YES;
				SDKROOT = iphoneos;
				SWIFT_ACTIVE_COMPILATION_CONDITIONS = DEBUG;
				SWIFT_OPTIMIZATION_LEVEL = "-Onone";
			};
			name = Debug;
		};
		D130DF8628C7F81800ADFD25 /* Release */ = {
			isa = XCBuildConfiguration;
			buildSettings = {
				ALWAYS_SEARCH_USER_PATHS = NO;
				CLANG_ANALYZER_NONNULL = YES;
				CLANG_ANALYZER_NUMBER_OBJECT_CONVERSION = YES_AGGRESSIVE;
				CLANG_CXX_LANGUAGE_STANDARD = "gnu++14";
				CLANG_CXX_LIBRARY = "libc++";
				CLANG_ENABLE_MODULES = YES;
				CLANG_ENABLE_OBJC_ARC = YES;
				CLANG_ENABLE_OBJC_WEAK = YES;
				CLANG_WARN_BLOCK_CAPTURE_AUTORELEASING = YES;
				CLANG_WARN_BOOL_CONVERSION = YES;
				CLANG_WARN_COMMA = YES;
				CLANG_WARN_CONSTANT_CONVERSION = YES;
				CLANG_WARN_DEPRECATED_OBJC_IMPLEMENTATIONS = YES;
				CLANG_WARN_DIRECT_OBJC_ISA_USAGE = YES_ERROR;
				CLANG_WARN_DOCUMENTATION_COMMENTS = YES;
				CLANG_WARN_EMPTY_BODY = YES;
				CLANG_WARN_ENUM_CONVERSION = YES;
				CLANG_WARN_INFINITE_RECURSION = YES;
				CLANG_WARN_INT_CONVERSION = YES;
				CLANG_WARN_NON_LITERAL_NULL_CONVERSION = YES;
				CLANG_WARN_OBJC_IMPLICIT_RETAIN_SELF = YES;
				CLANG_WARN_OBJC_LITERAL_CONVERSION = YES;
				CLANG_WARN_OBJC_ROOT_CLASS = YES_ERROR;
				CLANG_WARN_QUOTED_INCLUDE_IN_FRAMEWORK_HEADER = YES;
				CLANG_WARN_RANGE_LOOP_ANALYSIS = YES;
				CLANG_WARN_STRICT_PROTOTYPES = YES;
				CLANG_WARN_SUSPICIOUS_MOVE = YES;
				CLANG_WARN_UNGUARDED_AVAILABILITY = YES_AGGRESSIVE;
				CLANG_WARN_UNREACHABLE_CODE = YES;
				CLANG_WARN__DUPLICATE_METHOD_MATCH = YES;
				COPY_PHASE_STRIP = NO;
				DEBUG_INFORMATION_FORMAT = "dwarf-with-dsym";
				ENABLE_NS_ASSERTIONS = NO;
				ENABLE_STRICT_OBJC_MSGSEND = YES;
				GCC_C_LANGUAGE_STANDARD = gnu11;
				GCC_NO_COMMON_BLOCKS = YES;
				GCC_WARN_64_TO_32_BIT_CONVERSION = YES;
				GCC_WARN_ABOUT_RETURN_TYPE = YES_ERROR;
				GCC_WARN_UNDECLARED_SELECTOR = YES;
				GCC_WARN_UNINITIALIZED_AUTOS = YES_AGGRESSIVE;
				GCC_WARN_UNUSED_FUNCTION = YES;
				GCC_WARN_UNUSED_VARIABLE = YES;
				IPHONEOS_DEPLOYMENT_TARGET = 14.4;
				MTL_ENABLE_DEBUG_INFO = NO;
				MTL_FAST_MATH = YES;
				SDKROOT = iphoneos;
				SWIFT_COMPILATION_MODE = wholemodule;
				SWIFT_OPTIMIZATION_LEVEL = "-O";
				VALIDATE_PRODUCT = YES;
			};
			name = Release;
		};
		D130DF8828C7F81800ADFD25 /* Debug */ = {
			isa = XCBuildConfiguration;
			buildSettings = {
				ASSETCATALOG_COMPILER_APPICON_NAME = AppIcon;
				ASSETCATALOG_COMPILER_GLOBAL_ACCENT_COLOR_NAME = AccentColor;
				CODE_SIGN_STYLE = Automatic;
				INFOPLIST_FILE = Semillita/Info.plist;
				LD_RUNPATH_SEARCH_PATHS = (
					"$(inherited)",
					"@executable_path/Frameworks",
				);
				PRODUCT_BUNDLE_IDENTIFIER = tecmonterrey.Semillita;
				PRODUCT_NAME = "$(TARGET_NAME)";
				SWIFT_VERSION = 5.0;
				TARGETED_DEVICE_FAMILY = "1,2";
			};
			name = Debug;
		};
		D130DF8928C7F81800ADFD25 /* Release */ = {
			isa = XCBuildConfiguration;
			buildSettings = {
				ASSETCATALOG_COMPILER_APPICON_NAME = AppIcon;
				ASSETCATALOG_COMPILER_GLOBAL_ACCENT_COLOR_NAME = AccentColor;
				CODE_SIGN_STYLE = Automatic;
				INFOPLIST_FILE = Semillita/Info.plist;
				LD_RUNPATH_SEARCH_PATHS = (
					"$(inherited)",
					"@executable_path/Frameworks",
				);
				PRODUCT_BUNDLE_IDENTIFIER = tecmonterrey.Semillita;
				PRODUCT_NAME = "$(TARGET_NAME)";
				SWIFT_VERSION = 5.0;
				TARGETED_DEVICE_FAMILY = "1,2";
			};
			name = Release;
		};
		D130DF8B28C7F81800ADFD25 /* Debug */ = {
			isa = XCBuildConfiguration;
			buildSettings = {
				ALWAYS_EMBED_SWIFT_STANDARD_LIBRARIES = YES;
				BUNDLE_LOADER = "$(TEST_HOST)";
				CODE_SIGN_STYLE = Automatic;
				INFOPLIST_FILE = SemillitaTests/Info.plist;
				IPHONEOS_DEPLOYMENT_TARGET = 14.4;
				LD_RUNPATH_SEARCH_PATHS = (
					"$(inherited)",
					"@executable_path/Frameworks",
					"@loader_path/Frameworks",
				);
				PRODUCT_BUNDLE_IDENTIFIER = tecmonterrey.SemillitaTests;
				PRODUCT_NAME = "$(TARGET_NAME)";
				SWIFT_VERSION = 5.0;
				TARGETED_DEVICE_FAMILY = "1,2";
				TEST_HOST = "$(BUILT_PRODUCTS_DIR)/Semillita.app/Semillita";
			};
			name = Debug;
		};
		D130DF8C28C7F81800ADFD25 /* Release */ = {
			isa = XCBuildConfiguration;
			buildSettings = {
				ALWAYS_EMBED_SWIFT_STANDARD_LIBRARIES = YES;
				BUNDLE_LOADER = "$(TEST_HOST)";
				CODE_SIGN_STYLE = Automatic;
				INFOPLIST_FILE = SemillitaTests/Info.plist;
				IPHONEOS_DEPLOYMENT_TARGET = 14.4;
				LD_RUNPATH_SEARCH_PATHS = (
					"$(inherited)",
					"@executable_path/Frameworks",
					"@loader_path/Frameworks",
				);
				PRODUCT_BUNDLE_IDENTIFIER = tecmonterrey.SemillitaTests;
				PRODUCT_NAME = "$(TARGET_NAME)";
				SWIFT_VERSION = 5.0;
				TARGETED_DEVICE_FAMILY = "1,2";
				TEST_HOST = "$(BUILT_PRODUCTS_DIR)/Semillita.app/Semillita";
			};
			name = Release;
		};
		D130DF8E28C7F81800ADFD25 /* Debug */ = {
			isa = XCBuildConfiguration;
			buildSettings = {
				ALWAYS_EMBED_SWIFT_STANDARD_LIBRARIES = YES;
				CODE_SIGN_STYLE = Automatic;
				INFOPLIST_FILE = SemillitaUITests/Info.plist;
				LD_RUNPATH_SEARCH_PATHS = (
					"$(inherited)",
					"@executable_path/Frameworks",
					"@loader_path/Frameworks",
				);
				PRODUCT_BUNDLE_IDENTIFIER = tecmonterrey.SemillitaUITests;
				PRODUCT_NAME = "$(TARGET_NAME)";
				SWIFT_VERSION = 5.0;
				TARGETED_DEVICE_FAMILY = "1,2";
				TEST_TARGET_NAME = Semillita;
			};
			name = Debug;
		};
		D130DF8F28C7F81800ADFD25 /* Release */ = {
			isa = XCBuildConfiguration;
			buildSettings = {
				ALWAYS_EMBED_SWIFT_STANDARD_LIBRARIES = YES;
				CODE_SIGN_STYLE = Automatic;
				INFOPLIST_FILE = SemillitaUITests/Info.plist;
				LD_RUNPATH_SEARCH_PATHS = (
					"$(inherited)",
					"@executable_path/Frameworks",
					"@loader_path/Frameworks",
				);
				PRODUCT_BUNDLE_IDENTIFIER = tecmonterrey.SemillitaUITests;
				PRODUCT_NAME = "$(TARGET_NAME)";
				SWIFT_VERSION = 5.0;
				TARGETED_DEVICE_FAMILY = "1,2";
				TEST_TARGET_NAME = Semillita;
			};
			name = Release;
		};
/* End XCBuildConfiguration section */

/* Begin XCConfigurationList section */
		D130DF5828C7F81700ADFD25 /* Build configuration list for PBXProject "Semillita" */ = {
			isa = XCConfigurationList;
			buildConfigurations = (
				D130DF8528C7F81800ADFD25 /* Debug */,
				D130DF8628C7F81800ADFD25 /* Release */,
			);
			defaultConfigurationIsVisible = 0;
			defaultConfigurationName = Release;
		};
		D130DF8728C7F81800ADFD25 /* Build configuration list for PBXNativeTarget "Semillita" */ = {
			isa = XCConfigurationList;
			buildConfigurations = (
				D130DF8828C7F81800ADFD25 /* Debug */,
				D130DF8928C7F81800ADFD25 /* Release */,
			);
			defaultConfigurationIsVisible = 0;
			defaultConfigurationName = Release;
		};
		D130DF8A28C7F81800ADFD25 /* Build configuration list for PBXNativeTarget "SemillitaTests" */ = {
			isa = XCConfigurationList;
			buildConfigurations = (
				D130DF8B28C7F81800ADFD25 /* Debug */,
				D130DF8C28C7F81800ADFD25 /* Release */,
			);
			defaultConfigurationIsVisible = 0;
			defaultConfigurationName = Release;
		};
		D130DF8D28C7F81800ADFD25 /* Build configuration list for PBXNativeTarget "SemillitaUITests" */ = {
			isa = XCConfigurationList;
			buildConfigurations = (
				D130DF8E28C7F81800ADFD25 /* Debug */,
				D130DF8F28C7F81800ADFD25 /* Release */,
			);
			defaultConfigurationIsVisible = 0;
			defaultConfigurationName = Release;
		};
/* End XCConfigurationList section */

/* Begin XCRemoteSwiftPackageReference section */
		8423D87D28DD2B0E00EB1E7C /* XCRemoteSwiftPackageReference "Alamofire" */ = {
			isa = XCRemoteSwiftPackageReference;
			repositoryURL = "https://github.com/Alamofire/Alamofire.git";
			requirement = {
				kind = upToNextMajorVersion;
				minimumVersion = 5.6.2;
			};
		};
/* End XCRemoteSwiftPackageReference section */

/* Begin XCSwiftPackageProductDependency section */
		8423D87E28DD2B0E00EB1E7C /* Alamofire */ = {
			isa = XCSwiftPackageProductDependency;
			package = 8423D87D28DD2B0E00EB1E7C /* XCRemoteSwiftPackageReference "Alamofire" */;
			productName = Alamofire;
		};
/* End XCSwiftPackageProductDependency section */
	};
	rootObject = D130DF5528C7F81700ADFD25 /* Project object */;
}
